// !$*UTF8*$!
{
	archiveVersion = 1;
	classes = {
	};
	objectVersion = 56;
	objects = {

/* Begin PBXBuildFile section */
		3A4F3A712B9A210C000624FB /* SecondStoryBoard.storyboard in Resources */ = {isa = PBXBuildFile; fileRef = 3A4F3A702B9A210C000624FB /* SecondStoryBoard.storyboard */; };
		3A4F3A732B9A2194000624FB /* CurrentWeatherViewController.swift in Sources */ = {isa = PBXBuildFile; fileRef = 3A4F3A722B9A2194000624FB /* CurrentWeatherViewController.swift */; };
		F13650D12B98AE5B0049036E /* AppDelegate.swift in Sources */ = {isa = PBXBuildFile; fileRef = F13650D02B98AE5B0049036E /* AppDelegate.swift */; };
		F13650D32B98AE5B0049036E /* SceneDelegate.swift in Sources */ = {isa = PBXBuildFile; fileRef = F13650D22B98AE5B0049036E /* SceneDelegate.swift */; };
		F13650D52B98AE5B0049036E /* WeatherCitiesViewController.swift in Sources */ = {isa = PBXBuildFile; fileRef = F13650D42B98AE5B0049036E /* WeatherCitiesViewController.swift */; };
		F13650D82B98AE5B0049036E /* Main.storyboard in Resources */ = {isa = PBXBuildFile; fileRef = F13650D62B98AE5B0049036E /* Main.storyboard */; };
		F13650DA2B98AE5C0049036E /* Assets.xcassets in Resources */ = {isa = PBXBuildFile; fileRef = F13650D92B98AE5C0049036E /* Assets.xcassets */; };
		F13650DD2B98AE5C0049036E /* LaunchScreen.storyboard in Resources */ = {isa = PBXBuildFile; fileRef = F13650DB2B98AE5C0049036E /* LaunchScreen.storyboard */; };
		F13650E62B98B08C0049036E /* DataStore.swift in Sources */ = {isa = PBXBuildFile; fileRef = F13650E52B98B08C0049036E /* DataStore.swift */; };
		F13650EE2B98F12E0049036E /* Weather.swift in Sources */ = {isa = PBXBuildFile; fileRef = F13650ED2B98F12E0049036E /* Weather.swift */; };
		F13650F02B9A18CF0049036E /* SecondStoryboard.storyboard in Resources */ = {isa = PBXBuildFile; fileRef = F13650EF2B9A18CF0049036E /* SecondStoryboard.storyboard */; };
		F13650F22B9A1A990049036E /* CityCell.swift in Sources */ = {isa = PBXBuildFile; fileRef = F13650F12B9A1A990049036E /* CityCell.swift */; };
/* End PBXBuildFile section */

/* Begin PBXFileReference section */
		3A4F3A702B9A210C000624FB /* SecondStoryBoard.storyboard */ = {isa = PBXFileReference; lastKnownFileType = file.storyboard; path = SecondStoryBoard.storyboard; sourceTree = "<group>"; };
		3A4F3A722B9A2194000624FB /* CurrentWeatherViewController.swift */ = {isa = PBXFileReference; lastKnownFileType = sourcecode.swift; path = CurrentWeatherViewController.swift; sourceTree = "<group>"; };
		F13650CD2B98AE5B0049036E /* Weather.app */ = {isa = PBXFileReference; explicitFileType = wrapper.application; includeInIndex = 0; path = Weather.app; sourceTree = BUILT_PRODUCTS_DIR; };
		F13650D02B98AE5B0049036E /* AppDelegate.swift */ = {isa = PBXFileReference; lastKnownFileType = sourcecode.swift; path = AppDelegate.swift; sourceTree = "<group>"; };
		F13650D22B98AE5B0049036E /* SceneDelegate.swift */ = {isa = PBXFileReference; lastKnownFileType = sourcecode.swift; path = SceneDelegate.swift; sourceTree = "<group>"; };
		F13650D42B98AE5B0049036E /* WeatherCitiesViewController.swift */ = {isa = PBXFileReference; lastKnownFileType = sourcecode.swift; path = WeatherCitiesViewController.swift; sourceTree = "<group>"; };
		F13650D72B98AE5B0049036E /* Base */ = {isa = PBXFileReference; lastKnownFileType = file.storyboard; name = Base; path = Base.lproj/Main.storyboard; sourceTree = "<group>"; };
		F13650D92B98AE5C0049036E /* Assets.xcassets */ = {isa = PBXFileReference; lastKnownFileType = folder.assetcatalog; path = Assets.xcassets; sourceTree = "<group>"; };
		F13650DC2B98AE5C0049036E /* Base */ = {isa = PBXFileReference; lastKnownFileType = file.storyboard; name = Base; path = Base.lproj/LaunchScreen.storyboard; sourceTree = "<group>"; };
		F13650DE2B98AE5C0049036E /* Info.plist */ = {isa = PBXFileReference; lastKnownFileType = text.plist.xml; path = Info.plist; sourceTree = "<group>"; };
		F13650E52B98B08C0049036E /* DataStore.swift */ = {isa = PBXFileReference; lastKnownFileType = sourcecode.swift; path = DataStore.swift; sourceTree = "<group>"; };
		F13650ED2B98F12E0049036E /* Weather.swift */ = {isa = PBXFileReference; lastKnownFileType = sourcecode.swift; path = Weather.swift; sourceTree = "<group>"; };
		F13650EF2B9A18CF0049036E /* SecondStoryboard.storyboard */ = {isa = PBXFileReference; lastKnownFileType = file.storyboard; path = SecondStoryboard.storyboard; sourceTree = "<group>"; };
		F13650F12B9A1A990049036E /* CityCell.swift */ = {isa = PBXFileReference; lastKnownFileType = sourcecode.swift; path = CityCell.swift; sourceTree = "<group>"; };
/* End PBXFileReference section */

/* Begin PBXFrameworksBuildPhase section */
		F13650CA2B98AE5B0049036E /* Frameworks */ = {
			isa = PBXFrameworksBuildPhase;
			buildActionMask = 2147483647;
			files = (
			);
			runOnlyForDeploymentPostprocessing = 0;
		};
/* End PBXFrameworksBuildPhase section */

/* Begin PBXGroup section */
		F13650C42B98AE5B0049036E = {
			isa = PBXGroup;
			children = (
				F13650CF2B98AE5B0049036E /* Weather */,
				F13650CE2B98AE5B0049036E /* Products */,
			);
			sourceTree = "<group>";
		};
		F13650CE2B98AE5B0049036E /* Products */ = {
			isa = PBXGroup;
			children = (
				F13650CD2B98AE5B0049036E /* Weather.app */,
			);
			name = Products;
			sourceTree = "<group>";
		};
		F13650CF2B98AE5B0049036E /* Weather */ = {
			isa = PBXGroup;
			children = (
				F13650EB2B98B17F0049036E /* Models */,
				F13650E42B98AE850049036E /* Services */,
				F13650E82B98B0CF0049036E /* ViewConrollers */,
				F13650EA2B98B10E0049036E /* StoryBoards */,
				F13650E72B98B0BA0049036E /* App */,
				F13650D92B98AE5C0049036E /* Assets.xcassets */,
				F13650DE2B98AE5C0049036E /* Info.plist */,
			);
			path = Weather;
			sourceTree = "<group>";
		};
		F13650E42B98AE850049036E /* Services */ = {
			isa = PBXGroup;
			children = (
				F13650E52B98B08C0049036E /* DataStore.swift */,
			);
			path = Services;
			sourceTree = "<group>";
		};
		F13650E72B98B0BA0049036E /* App */ = {
			isa = PBXGroup;
			children = (
				F13650D02B98AE5B0049036E /* AppDelegate.swift */,
				F13650D22B98AE5B0049036E /* SceneDelegate.swift */,
			);
			path = App;
			sourceTree = "<group>";
		};
		F13650E82B98B0CF0049036E /* ViewConrollers */ = {
			isa = PBXGroup;
			children = (
				3A4F3A722B9A2194000624FB /* CurrentWeatherViewController.swift */,
				F13650D42B98AE5B0049036E /* WeatherCitiesViewController.swift */,
				F13650F12B9A1A990049036E /* CityCell.swift */,
			);
			path = ViewConrollers;
			sourceTree = "<group>";
		};
		F13650EA2B98B10E0049036E /* StoryBoards */ = {
			isa = PBXGroup;
			children = (
				F13650D62B98AE5B0049036E /* Main.storyboard */,
				F13650EF2B9A18CF0049036E /* SecondStoryboard.storyboard */,
				F13650DB2B98AE5C0049036E /* LaunchScreen.storyboard */,
				3A4F3A702B9A210C000624FB /* SecondStoryBoard.storyboard */,
			);
			path = StoryBoards;
			sourceTree = "<group>";
		};
		F13650EB2B98B17F0049036E /* Models */ = {
			isa = PBXGroup;
			children = (
				F13650ED2B98F12E0049036E /* Weather.swift */,
			);
			path = Models;
			sourceTree = "<group>";
		};
/* End PBXGroup section */

/* Begin PBXNativeTarget section */
		F13650CC2B98AE5B0049036E /* Weather */ = {
			isa = PBXNativeTarget;
			buildConfigurationList = F13650E12B98AE5C0049036E /* Build configuration list for PBXNativeTarget "Weather" */;
			buildPhases = (
				F13650C92B98AE5B0049036E /* Sources */,
				F13650CA2B98AE5B0049036E /* Frameworks */,
				F13650CB2B98AE5B0049036E /* Resources */,
			);
			buildRules = (
			);
			dependencies = (
			);
			name = Weather;
			productName = Weather;
			productReference = F13650CD2B98AE5B0049036E /* Weather.app */;
			productType = "com.apple.product-type.application";
		};
/* End PBXNativeTarget section */

/* Begin PBXProject section */
		F13650C52B98AE5B0049036E /* Project object */ = {
			isa = PBXProject;
			attributes = {
				BuildIndependentTargetsInParallel = 1;
				LastSwiftUpdateCheck = 1520;
				LastUpgradeCheck = 1520;
				TargetAttributes = {
					F13650CC2B98AE5B0049036E = {
						CreatedOnToolsVersion = 15.2;
					};
				};
			};
			buildConfigurationList = F13650C82B98AE5B0049036E /* Build configuration list for PBXProject "Weather" */;
			compatibilityVersion = "Xcode 14.0";
			developmentRegion = en;
			hasScannedForEncodings = 0;
			knownRegions = (
				en,
				Base,
			);
			mainGroup = F13650C42B98AE5B0049036E;
			productRefGroup = F13650CE2B98AE5B0049036E /* Products */;
			projectDirPath = "";
			projectRoot = "";
			targets = (
				F13650CC2B98AE5B0049036E /* Weather */,
			);
		};
/* End PBXProject section */

/* Begin PBXResourcesBuildPhase section */
		F13650CB2B98AE5B0049036E /* Resources */ = {
			isa = PBXResourcesBuildPhase;
			buildActionMask = 2147483647;
			files = (
				F13650DD2B98AE5C0049036E /* LaunchScreen.storyboard in Resources */,
				F13650DA2B98AE5C0049036E /* Assets.xcassets in Resources */,
				F13650D82B98AE5B0049036E /* Main.storyboard in Resources */,
				3A4F3A712B9A210C000624FB /* SecondStoryBoard.storyboard in Resources */,
			);
			runOnlyForDeploymentPostprocessing = 0;
		};
/* End PBXResourcesBuildPhase section */

/* Begin PBXSourcesBuildPhase section */
		F13650C92B98AE5B0049036E /* Sources */ = {
			isa = PBXSourcesBuildPhase;
			buildActionMask = 2147483647;
			files = (
				F13650D52B98AE5B0049036E /* WeatherCitiesViewController.swift in Sources */,
				F13650E62B98B08C0049036E /* DataStore.swift in Sources */,
				F13650F22B9A1A990049036E /* CityCell.swift in Sources */,
				F13650D12B98AE5B0049036E /* AppDelegate.swift in Sources */,
				F13650D32B98AE5B0049036E /* SceneDelegate.swift in Sources */,
				F13650EE2B98F12E0049036E /* Weather.swift in Sources */,
				3A4F3A732B9A2194000624FB /* CurrentWeatherViewController.swift in Sources */,
			);
			runOnlyForDeploymentPostprocessing = 0;
		};
/* End PBXSourcesBuildPhase section */

/* Begin PBXVariantGroup section */
		F13650D62B98AE5B0049036E /* Main.storyboard */ = {
			isa = PBXVariantGroup;
			children = (
				F13650D72B98AE5B0049036E /* Base */,
			);
			name = Main.storyboard;
			sourceTree = "<group>";
		};
		F13650DB2B98AE5C0049036E /* LaunchScreen.storyboard */ = {
			isa = PBXVariantGroup;
			children = (
				F13650DC2B98AE5C0049036E /* Base */,
			);
			name = LaunchScreen.storyboard;
			sourceTree = "<group>";
		};
/* End PBXVariantGroup section */

/* Begin XCBuildConfiguration section */
		F13650DF2B98AE5C0049036E /* Debug */ = {
			isa = XCBuildConfiguration;
			buildSettings = {
				ALWAYS_SEARCH_USER_PATHS = NO;
				ASSETCATALOG_COMPILER_GENERATE_SWIFT_ASSET_SYMBOL_EXTENSIONS = YES;
				CLANG_ANALYZER_NONNULL = YES;
				CLANG_ANALYZER_NUMBER_OBJECT_CONVERSION = YES_AGGRESSIVE;
				CLANG_CXX_LANGUAGE_STANDARD = "gnu++20";
				CLANG_ENABLE_MODULES = YES;
				CLANG_ENABLE_OBJC_ARC = YES;
				CLANG_ENABLE_OBJC_WEAK = YES;
				CLANG_WARN_BLOCK_CAPTURE_AUTORELEASING = YES;
				CLANG_WARN_BOOL_CONVERSION = YES;
				CLANG_WARN_COMMA = YES;
				CLANG_WARN_CONSTANT_CONVERSION = YES;
				CLANG_WARN_DEPRECATED_OBJC_IMPLEMENTATIONS = YES;
				CLANG_WARN_DIRECT_OBJC_ISA_USAGE = YES_ERROR;
				CLANG_WARN_DOCUMENTATION_COMMENTS = YES;
				CLANG_WARN_EMPTY_BODY = YES;
				CLANG_WARN_ENUM_CONVERSION = YES;
				CLANG_WARN_INFINITE_RECURSION = YES;
				CLANG_WARN_INT_CONVERSION = YES;
				CLANG_WARN_NON_LITERAL_NULL_CONVERSION = YES;
				CLANG_WARN_OBJC_IMPLICIT_RETAIN_SELF = YES;
				CLANG_WARN_OBJC_LITERAL_CONVERSION = YES;
				CLANG_WARN_OBJC_ROOT_CLASS = YES_ERROR;
				CLANG_WARN_QUOTED_INCLUDE_IN_FRAMEWORK_HEADER = YES;
				CLANG_WARN_RANGE_LOOP_ANALYSIS = YES;
				CLANG_WARN_STRICT_PROTOTYPES = YES;
				CLANG_WARN_SUSPICIOUS_MOVE = YES;
				CLANG_WARN_UNGUARDED_AVAILABILITY = YES_AGGRESSIVE;
				CLANG_WARN_UNREACHABLE_CODE = YES;
				CLANG_WARN__DUPLICATE_METHOD_MATCH = YES;
				COPY_PHASE_STRIP = NO;
				DEBUG_INFORMATION_FORMAT = dwarf;
				ENABLE_STRICT_OBJC_MSGSEND = YES;
				ENABLE_TESTABILITY = YES;
				ENABLE_USER_SCRIPT_SANDBOXING = YES;
				GCC_C_LANGUAGE_STANDARD = gnu17;
				GCC_DYNAMIC_NO_PIC = NO;
				GCC_NO_COMMON_BLOCKS = YES;
				GCC_OPTIMIZATION_LEVEL = 0;
				GCC_PREPROCESSOR_DEFINITIONS = (
					"DEBUG=1",
					"$(inherited)",
				);
				GCC_WARN_64_TO_32_BIT_CONVERSION = YES;
				GCC_WARN_ABOUT_RETURN_TYPE = YES_ERROR;
				GCC_WARN_UNDECLARED_SELECTOR = YES;
				GCC_WARN_UNINITIALIZED_AUTOS = YES_AGGRESSIVE;
				GCC_WARN_UNUSED_FUNCTION = YES;
				GCC_WARN_UNUSED_VARIABLE = YES;
				IPHONEOS_DEPLOYMENT_TARGET = 17.2;
				LOCALIZATION_PREFERS_STRING_CATALOGS = YES;
				MTL_ENABLE_DEBUG_INFO = INCLUDE_SOURCE;
				MTL_FAST_MATH = YES;
				ONLY_ACTIVE_ARCH = YES;
				SDKROOT = iphoneos;
				SWIFT_ACTIVE_COMPILATION_CONDITIONS = "DEBUG $(inherited)";
				SWIFT_OPTIMIZATION_LEVEL = "-Onone";
			};
			name = Debug;
		};
		F13650E02B98AE5C0049036E /* Release */ = {
			isa = XCBuildConfiguration;
			buildSettings = {
				ALWAYS_SEARCH_USER_PATHS = NO;
				ASSETCATALOG_COMPILER_GENERATE_SWIFT_ASSET_SYMBOL_EXTENSIONS = YES;
				CLANG_ANALYZER_NONNULL = YES;
				CLANG_ANALYZER_NUMBER_OBJECT_CONVERSION = YES_AGGRESSIVE;
				CLANG_CXX_LANGUAGE_STANDARD = "gnu++20";
				CLANG_ENABLE_MODULES = YES;
				CLANG_ENABLE_OBJC_ARC = YES;
				CLANG_ENABLE_OBJC_WEAK = YES;
				CLANG_WARN_BLOCK_CAPTURE_AUTORELEASING = YES;
				CLANG_WARN_BOOL_CONVERSION = YES;
				CLANG_WARN_COMMA = YES;
				CLANG_WARN_CONSTANT_CONVERSION = YES;
				CLANG_WARN_DEPRECATED_OBJC_IMPLEMENTATIONS = YES;
				CLANG_WARN_DIRECT_OBJC_ISA_USAGE = YES_ERROR;
				CLANG_WARN_DOCUMENTATION_COMMENTS = YES;
				CLANG_WARN_EMPTY_BODY = YES;
				CLANG_WARN_ENUM_CONVERSION = YES;
				CLANG_WARN_INFINITE_RECURSION = YES;
				CLANG_WARN_INT_CONVERSION = YES;
				CLANG_WARN_NON_LITERAL_NULL_CONVERSION = YES;
				CLANG_WARN_OBJC_IMPLICIT_RETAIN_SELF = YES;
				CLANG_WARN_OBJC_LITERAL_CONVERSION = YES;
				CLANG_WARN_OBJC_ROOT_CLASS = YES_ERROR;
				CLANG_WARN_QUOTED_INCLUDE_IN_FRAMEWORK_HEADER = YES;
				CLANG_WARN_RANGE_LOOP_ANALYSIS = YES;
				CLANG_WARN_STRICT_PROTOTYPES = YES;
				CLANG_WARN_SUSPICIOUS_MOVE = YES;
				CLANG_WARN_UNGUARDED_AVAILABILITY = YES_AGGRESSIVE;
				CLANG_WARN_UNREACHABLE_CODE = YES;
				CLANG_WARN__DUPLICATE_METHOD_MATCH = YES;
				COPY_PHASE_STRIP = NO;
				DEBUG_INFORMATION_FORMAT = "dwarf-with-dsym";
				ENABLE_NS_ASSERTIONS = NO;
				ENABLE_STRICT_OBJC_MSGSEND = YES;
				ENABLE_USER_SCRIPT_SANDBOXING = YES;
				GCC_C_LANGUAGE_STANDARD = gnu17;
				GCC_NO_COMMON_BLOCKS = YES;
				GCC_WARN_64_TO_32_BIT_CONVERSION = YES;
				GCC_WARN_ABOUT_RETURN_TYPE = YES_ERROR;
				GCC_WARN_UNDECLARED_SELECTOR = YES;
				GCC_WARN_UNINITIALIZED_AUTOS = YES_AGGRESSIVE;
				GCC_WARN_UNUSED_FUNCTION = YES;
				GCC_WARN_UNUSED_VARIABLE = YES;
				IPHONEOS_DEPLOYMENT_TARGET = 17.2;
				LOCALIZATION_PREFERS_STRING_CATALOGS = YES;
				MTL_ENABLE_DEBUG_INFO = NO;
				MTL_FAST_MATH = YES;
				SDKROOT = iphoneos;
				SWIFT_COMPILATION_MODE = wholemodule;
				VALIDATE_PRODUCT = YES;
			};
			name = Release;
		};
		F13650E22B98AE5C0049036E /* Debug */ = {
			isa = XCBuildConfiguration;
			buildSettings = {
				ASSETCATALOG_COMPILER_APPICON_NAME = AppIcon;
				ASSETCATALOG_COMPILER_GLOBAL_ACCENT_COLOR_NAME = AccentColor;
				CODE_SIGN_STYLE = Automatic;
				CURRENT_PROJECT_VERSION = 1;
				GENERATE_INFOPLIST_FILE = YES;
				INFOPLIST_FILE = Weather/Info.plist;
				INFOPLIST_KEY_UIApplicationSupportsIndirectInputEvents = YES;
				INFOPLIST_KEY_UILaunchStoryboardName = LaunchScreen;
				INFOPLIST_KEY_UIMainStoryboardFile = Main;
				INFOPLIST_KEY_UISupportedInterfaceOrientations = UIInterfaceOrientationPortrait;
				INFOPLIST_KEY_UISupportedInterfaceOrientations_iPad = "UIInterfaceOrientationLandscapeLeft UIInterfaceOrientationLandscapeRight UIInterfaceOrientationPortrait UIInterfaceOrientationPortraitUpsideDown";
				LD_RUNPATH_SEARCH_PATHS = (
					"$(inherited)",
					"@executable_path/Frameworks",
				);
				MARKETING_VERSION = 1.0;
				PRODUCT_BUNDLE_IDENTIFIER = artur.Weather;
				PRODUCT_NAME = "$(TARGET_NAME)";
				SUPPORTED_PLATFORMS = "iphoneos iphonesimulator";
				SUPPORTS_MACCATALYST = NO;
				SUPPORTS_MAC_DESIGNED_FOR_IPHONE_IPAD = NO;
				SUPPORTS_XR_DESIGNED_FOR_IPHONE_IPAD = NO;
				SWIFT_EMIT_LOC_STRINGS = YES;
				SWIFT_VERSION = 5.0;
				TARGETED_DEVICE_FAMILY = 1;
			};
			name = Debug;
		};
		F13650E32B98AE5C0049036E /* Release */ = {
			isa = XCBuildConfiguration;
			buildSettings = {
				ASSETCATALOG_COMPILER_APPICON_NAME = AppIcon;
				ASSETCATALOG_COMPILER_GLOBAL_ACCENT_COLOR_NAME = AccentColor;
				CODE_SIGN_STYLE = Automatic;
				CURRENT_PROJECT_VERSION = 1;
				GENERATE_INFOPLIST_FILE = YES;
				INFOPLIST_FILE = Weather/Info.plist;
				INFOPLIST_KEY_UIApplicationSupportsIndirectInputEvents = YES;
				INFOPLIST_KEY_UILaunchStoryboardName = LaunchScreen;
				INFOPLIST_KEY_UIMainStoryboardFile = Main;
				INFOPLIST_KEY_UISupportedInterfaceOrientations = UIInterfaceOrientationPortrait;
				INFOPLIST_KEY_UISupportedInterfaceOrientations_iPad = "UIInterfaceOrientationLandscapeLeft UIInterfaceOrientationLandscapeRight UIInterfaceOrientationPortrait UIInterfaceOrientationPortraitUpsideDown";
				LD_RUNPATH_SEARCH_PATHS = (
					"$(inherited)",
					"@executable_path/Frameworks",
				);
				MARKETING_VERSION = 1.0;
				PRODUCT_BUNDLE_IDENTIFIER = artur.Weather;
				PRODUCT_NAME = "$(TARGET_NAME)";
				SUPPORTED_PLATFORMS = "iphoneos iphonesimulator";
				SUPPORTS_MACCATALYST = NO;
				SUPPORTS_MAC_DESIGNED_FOR_IPHONE_IPAD = NO;
				SUPPORTS_XR_DESIGNED_FOR_IPHONE_IPAD = NO;
				SWIFT_EMIT_LOC_STRINGS = YES;
				SWIFT_VERSION = 5.0;
				TARGETED_DEVICE_FAMILY = 1;
			};
			name = Release;
		};
/* End XCBuildConfiguration section */

/* Begin XCConfigurationList section */
		F13650C82B98AE5B0049036E /* Build configuration list for PBXProject "Weather" */ = {
			isa = XCConfigurationList;
			buildConfigurations = (
				F13650DF2B98AE5C0049036E /* Debug */,
				F13650E02B98AE5C0049036E /* Release */,
			);
			defaultConfigurationIsVisible = 0;
			defaultConfigurationName = Release;
		};
		F13650E12B98AE5C0049036E /* Build configuration list for PBXNativeTarget "Weather" */ = {
			isa = XCConfigurationList;
			buildConfigurations = (
				F13650E22B98AE5C0049036E /* Debug */,
				F13650E32B98AE5C0049036E /* Release */,
			);
			defaultConfigurationIsVisible = 0;
			defaultConfigurationName = Release;
		};
/* End XCConfigurationList section */
	};
	rootObject = F13650C52B98AE5B0049036E /* Project object */;
}
